// !$*UTF8*$!
{
	archiveVersion = 1;
	classes = {
	};
	objectVersion = 56;
	objects = {

/* Begin PBXBuildFile section */
		A10000000000000000000001 /* TinitchApp.swift in Sources */ = {isa = PBXBuildFile; fileRef = A20000000000000000000001 /* TinitchApp.swift */; };
		A10000000000000000000002 /* ContentView.swift in Sources */ = {isa = PBXBuildFile; fileRef = A20000000000000000000002 /* ContentView.swift */; };
		A10000000000000000000003 /* ImageConversionService.swift in Sources */ = {isa = PBXBuildFile; fileRef = A20000000000000000000003 /* ImageConversionService.swift */; };
		A10000000000000000000004 /* Assets.xcassets in Resources */ = {isa = PBXBuildFile; fileRef = A20000000000000000000004 /* Assets.xcassets */; };
		A10000000000000000000005 /* ImageConversionServiceTests.swift in Sources */ = {isa = PBXBuildFile; fileRef = A20000000000000000000006 /* ImageConversionServiceTests.swift */; };
		A10000000000000000000006 /* ImagePreviewLoaderTests.swift in Sources */ = {isa = PBXBuildFile; fileRef = A20000000000000000000009 /* ImagePreviewLoaderTests.swift */; };
		A10000000000000000000007 /* ImagePreviewLoader.swift in Sources */ = {isa = PBXBuildFile; fileRef = A20000000000000000000010 /* ImagePreviewLoader.swift */; };
		A10000000000000000000008 /* TextAnnotation.swift in Sources */ = {isa = PBXBuildFile; fileRef = A20000000000000000000011 /* TextAnnotation.swift */; };
		A10000000000000000000009 /* ImageFit.swift in Sources */ = {isa = PBXBuildFile; fileRef = A20000000000000000000012 /* ImageFit.swift */; };
		A10000000000000000000010 /* AnnotationRenderer.swift in Sources */ = {isa = PBXBuildFile; fileRef = A20000000000000000000013 /* AnnotationRenderer.swift */; };
		A10000000000000000000011 /* Tool.swift in Sources */ = {isa = PBXBuildFile; fileRef = A20000000000000000000014 /* Tool.swift */; };
		A10000000000000000000012 /* ImageCanvasView.swift in Sources */ = {isa = PBXBuildFile; fileRef = A20000000000000000000015 /* ImageCanvasView.swift */; };
		A10000000000000000000013 /* ToolPickerView.swift in Sources */ = {isa = PBXBuildFile; fileRef = A20000000000000000000016 /* ToolPickerView.swift */; };
		A10000000000000000000014 /* TextAnnotationTests.swift in Sources */ = {isa = PBXBuildFile; fileRef = A20000000000000000000017 /* TextAnnotationTests.swift */; };
		A10000000000000000000015 /* ImageFitTests.swift in Sources */ = {isa = PBXBuildFile; fileRef = A20000000000000000000018 /* ImageFitTests.swift */; };
		A10000000000000000000016 /* AnnotationRendererTests.swift in Sources */ = {isa = PBXBuildFile; fileRef = A20000000000000000000019 /* AnnotationRendererTests.swift */; };
/* End PBXBuildFile section */

/* Begin PBXContainerItemProxy section */
		A30000000000000000000001 /* PBXContainerItemProxy */ = {
			isa = PBXContainerItemProxy;
			containerPortal = A40000000000000000000001 /* Project object */;
			proxyType = 1;
			remoteGlobalIDString = A50000000000000000000001;
			remoteInfo = Tinitch;
		};
/* End PBXContainerItemProxy section */

/* Begin PBXFileReference section */
		A20000000000000000000001 /* TinitchApp.swift */ = {isa = PBXFileReference; lastKnownFileType = sourcecode.swift; path = TinitchApp.swift; sourceTree = "<group>"; };
		A20000000000000000000002 /* ContentView.swift */ = {isa = PBXFileReference; lastKnownFileType = sourcecode.swift; path = ContentView.swift; sourceTree = "<group>"; };
		A20000000000000000000003 /* ImageConversionService.swift */ = {isa = PBXFileReference; lastKnownFileType = sourcecode.swift; path = ImageConversionService.swift; sourceTree = "<group>"; };
		A20000000000000000000004 /* Assets.xcassets */ = {isa = PBXFileReference; lastKnownFileType = folder.assetcatalog; path = Assets.xcassets; sourceTree = "<group>"; };
		A20000000000000000000005 /* Tinitch.entitlements */ = {isa = PBXFileReference; lastKnownFileType = text.plist.entitlements; path = Tinitch.entitlements; sourceTree = "<group>"; };
		A20000000000000000000006 /* ImageConversionServiceTests.swift */ = {isa = PBXFileReference; lastKnownFileType = sourcecode.swift; path = ImageConversionServiceTests.swift; sourceTree = "<group>"; };
		A20000000000000000000007 /* Tinitch.app */ = {isa = PBXFileReference; explicitFileType = wrapper.application; includeInIndex = 0; path = Tinitch.app; sourceTree = BUILT_PRODUCTS_DIR; };
		A20000000000000000000008 /* TinitchTests.xctest */ = {isa = PBXFileReference; explicitFileType = wrapper.cfbundle; includeInIndex = 0; path = TinitchTests.xctest; sourceTree = BUILT_PRODUCTS_DIR; };
		A20000000000000000000009 /* ImagePreviewLoaderTests.swift */ = {isa = PBXFileReference; lastKnownFileType = sourcecode.swift; path = ImagePreviewLoaderTests.swift; sourceTree = "<group>"; };
		A20000000000000000000010 /* ImagePreviewLoader.swift */ = {isa = PBXFileReference; lastKnownFileType = sourcecode.swift; path = ImagePreviewLoader.swift; sourceTree = "<group>"; };
		A20000000000000000000011 /* TextAnnotation.swift */ = {isa = PBXFileReference; lastKnownFileType = sourcecode.swift; path = TextAnnotation.swift; sourceTree = "<group>"; };
		A20000000000000000000012 /* ImageFit.swift */ = {isa = PBXFileReference; lastKnownFileType = sourcecode.swift; path = ImageFit.swift; sourceTree = "<group>"; };
		A20000000000000000000013 /* AnnotationRenderer.swift */ = {isa = PBXFileReference; lastKnownFileType = sourcecode.swift; path = AnnotationRenderer.swift; sourceTree = "<group>"; };
		A20000000000000000000014 /* Tool.swift */ = {isa = PBXFileReference; lastKnownFileType = sourcecode.swift; path = Tool.swift; sourceTree = "<group>"; };
		A20000000000000000000015 /* ImageCanvasView.swift */ = {isa = PBXFileReference; lastKnownFileType = sourcecode.swift; path = ImageCanvasView.swift; sourceTree = "<group>"; };
		A20000000000000000000016 /* ToolPickerView.swift */ = {isa = PBXFileReference; lastKnownFileType = sourcecode.swift; path = ToolPickerView.swift; sourceTree = "<group>"; };
		A20000000000000000000017 /* TextAnnotationTests.swift */ = {isa = PBXFileReference; lastKnownFileType = sourcecode.swift; path = TextAnnotationTests.swift; sourceTree = "<group>"; };
		A20000000000000000000018 /* ImageFitTests.swift */ = {isa = PBXFileReference; lastKnownFileType = sourcecode.swift; path = ImageFitTests.swift; sourceTree = "<group>"; };
		A20000000000000000000019 /* AnnotationRendererTests.swift */ = {isa = PBXFileReference; lastKnownFileType = sourcecode.swift; path = AnnotationRendererTests.swift; sourceTree = "<group>"; };
/* End PBXFileReference section */

/* Begin PBXFrameworksBuildPhase section */
		A60000000000000000000001 /* Frameworks */ = {
			isa = PBXFrameworksBuildPhase;
			buildActionMask = 2147483647;
			files = (
			);
			runOnlyForDeploymentPostprocessing = 0;
		};
		A60000000000000000000002 /* Frameworks */ = {
			isa = PBXFrameworksBuildPhase;
			buildActionMask = 2147483647;
			files = (
			);
			runOnlyForDeploymentPostprocessing = 0;
		};
/* End PBXFrameworksBuildPhase section */

/* Begin PBXGroup section */
		A70000000000000000000001 = {
			isa = PBXGroup;
			children = (
				A70000000000000000000002 /* Tinitch */,
				A70000000000000000000003 /* TinitchTests */,
				A70000000000000000000004 /* Products */,
			);
			sourceTree = "<group>";
		};
		A70000000000000000000002 /* Tinitch */ = {
			isa = PBXGroup;
			children = (
				A20000000000000000000001 /* TinitchApp.swift */,
				A20000000000000000000002 /* ContentView.swift */,
				A20000000000000000000003 /* ImageConversionService.swift */,
				A20000000000000000000010 /* ImagePreviewLoader.swift */,
				A20000000000000000000011 /* TextAnnotation.swift */,
				A20000000000000000000012 /* ImageFit.swift */,
				A20000000000000000000013 /* AnnotationRenderer.swift */,
				A20000000000000000000014 /* Tool.swift */,
				A20000000000000000000015 /* ImageCanvasView.swift */,
				A20000000000000000000016 /* ToolPickerView.swift */,
				A20000000000000000000004 /* Assets.xcassets */,
				A20000000000000000000005 /* Tinitch.entitlements */,
			);
			path = Tinitch;
			sourceTree = "<group>";
		};
		A70000000000000000000003 /* TinitchTests */ = {
			isa = PBXGroup;
			children = (
				A20000000000000000000006 /* ImageConversionServiceTests.swift */,
				A20000000000000000000009 /* ImagePreviewLoaderTests.swift */,
				A20000000000000000000017 /* TextAnnotationTests.swift */,
				A20000000000000000000018 /* ImageFitTests.swift */,
				A20000000000000000000019 /* AnnotationRendererTests.swift */,
			);
			path = TinitchTests;
			sourceTree = "<group>";
		};
		A70000000000000000000004 /* Products */ = {
			isa = PBXGroup;
			children = (
				A20000000000000000000007 /* Tinitch.app */,
				A20000000000000000000008 /* TinitchTests.xctest */,
			);
			name = Products;
			sourceTree = "<group>";
		};
/* End PBXGroup section */

/* Begin PBXNativeTarget section */
		A50000000000000000000001 /* Tinitch */ = {
			isa = PBXNativeTarget;
			buildConfigurationList = A80000000000000000000001 /* Build configuration list for PBXNativeTarget "Tinitch" */;
			buildPhases = (
				A90000000000000000000001 /* Sources */,
				A60000000000000000000001 /* Frameworks */,
				AA0000000000000000000001 /* Resources */,
			);
			buildRules = (
			);
			dependencies = (
			);
			name = Tinitch;
			productName = Tinitch;
			productReference = A20000000000000000000007 /* Tinitch.app */;
			productType = "com.apple.product-type.application";
		};
		A50000000000000000000002 /* TinitchTests */ = {
			isa = PBXNativeTarget;
			buildConfigurationList = A80000000000000000000002 /* Build configuration list for PBXNativeTarget "TinitchTests" */;
			buildPhases = (
				A90000000000000000000002 /* Sources */,
				A60000000000000000000002 /* Frameworks */,
				AA0000000000000000000002 /* Resources */,
			);
			buildRules = (
			);
			dependencies = (
				AB0000000000000000000001 /* PBXTargetDependency */,
			);
			name = TinitchTests;
			productName = TinitchTests;
			productReference = A20000000000000000000008 /* TinitchTests.xctest */;
			productType = "com.apple.product-type.bundle.unit-test";
		};
/* End PBXNativeTarget section */

/* Begin PBXProject section */
		A40000000000000000000001 /* Project object */ = {
			isa = PBXProject;
			attributes = {
				BuildIndependentTargetsInParallel = 1;
				LastSwiftUpdateCheck = 2700;
				LastUpgradeCheck = 2700;
				TargetAttributes = {
					A50000000000000000000001 = {
						CreatedOnToolsVersion = 27.0;
					};
					A50000000000000000000002 = {
						CreatedOnToolsVersion = 27.0;
						TestTargetID = A50000000000000000000001;
					};
				};
			};
			buildConfigurationList = A80000000000000000000003 /* Build configuration list for PBXProject "Tinitch" */;
			compatibilityVersion = "Xcode 14.0";
			developmentRegion = en;
			hasScannedForEncodings = 0;
			knownRegions = (
				en,
				Base,
			);
			mainGroup = A70000000000000000000001;
			productRefGroup = A70000000000000000000004 /* Products */;
			projectDirPath = "";
			projectRoot = "";
			targets = (
				A50000000000000000000001 /* Tinitch */,
				A50000000000000000000002 /* TinitchTests */,
			);
		};
/* End PBXProject section */

/* Begin PBXResourcesBuildPhase section */
		AA0000000000000000000001 /* Resources */ = {
			isa = PBXResourcesBuildPhase;
			buildActionMask = 2147483647;
			files = (
				A10000000000000000000004 /* Assets.xcassets in Resources */,
			);
			runOnlyForDeploymentPostprocessing = 0;
		};
		AA0000000000000000000002 /* Resources */ = {
			isa = PBXResourcesBuildPhase;
			buildActionMask = 2147483647;
			files = (
			);
			runOnlyForDeploymentPostprocessing = 0;
		};
/* End PBXResourcesBuildPhase section */

/* Begin PBXSourcesBuildPhase section */
		A90000000000000000000001 /* Sources */ = {
			isa = PBXSourcesBuildPhase;
			buildActionMask = 2147483647;
			files = (
				A10000000000000000000001 /* TinitchApp.swift in Sources */,
				A10000000000000000000002 /* ContentView.swift in Sources */,
				A10000000000000000000003 /* ImageConversionService.swift in Sources */,
				A10000000000000000000007 /* ImagePreviewLoader.swift in Sources */,
				A10000000000000000000008 /* TextAnnotation.swift in Sources */,
				A10000000000000000000009 /* ImageFit.swift in Sources */,
				A10000000000000000000010 /* AnnotationRenderer.swift in Sources */,
				A10000000000000000000011 /* Tool.swift in Sources */,
				A10000000000000000000012 /* ImageCanvasView.swift in Sources */,
				A10000000000000000000013 /* ToolPickerView.swift in Sources */,
			);
			runOnlyForDeploymentPostprocessing = 0;
		};
		A90000000000000000000002 /* Sources */ = {
			isa = PBXSourcesBuildPhase;
			buildActionMask = 2147483647;
			files = (
				A10000000000000000000005 /* ImageConversionServiceTests.swift in Sources */,
				A10000000000000000000006 /* ImagePreviewLoaderTests.swift in Sources */,
				A10000000000000000000014 /* TextAnnotationTests.swift in Sources */,
				A10000000000000000000015 /* ImageFitTests.swift in Sources */,
				A10000000000000000000016 /* AnnotationRendererTests.swift in Sources */,
			);
			runOnlyForDeploymentPostprocessing = 0;
		};
/* End PBXSourcesBuildPhase section */

/* Begin PBXTargetDependency section */
		AB0000000000000000000001 /* PBXTargetDependency */ = {
			isa = PBXTargetDependency;
			target = A50000000000000000000001 /* Tinitch */;
			targetProxy = A30000000000000000000001 /* PBXContainerItemProxy */;
		};
/* End PBXTargetDependency section */

/* Begin XCBuildConfiguration section */
		AC0000000000000000000001 /* Debug */ = {
			isa = XCBuildConfiguration;
			buildSettings = {
				ALWAYS_SEARCH_USER_PATHS = NO;
				CLANG_ANALYZER_NONNULL = YES;
				CLANG_ANALYZER_NUMBER_OBJECT_CONVERSION = YES_AGGRESSIVE;
				CLANG_CXX_LANGUAGE_STANDARD = "gnu++20";
				CLANG_ENABLE_MODULES = YES;
				CLANG_ENABLE_OBJC_ARC = YES;
				CLANG_ENABLE_OBJC_WEAK = YES;
				CLANG_WARN_BLOCK_CAPTURE_AUTORELEASING = YES;
				CLANG_WARN_BOOL_CONVERSION = YES;
				CLANG_WARN_COMMA = YES;
				CLANG_WARN_CONSTANT_CONVERSION = YES;
				CLANG_WARN_DEPRECATED_OBJC_IMPLEMENTATIONS = YES;
				CLANG_WARN_DIRECT_OBJC_ISA_USAGE = YES_ERROR;
				CLANG_WARN_DOCUMENTATION_COMMENTS = YES;
				CLANG_WARN_EMPTY_BODY = YES;
				CLANG_WARN_ENUM_CONVERSION = YES;
				CLANG_WARN_INFINITE_RECURSION = YES;
				CLANG_WARN_INT_CONVERSION = YES;
				CLANG_WARN_NON_LITERAL_NULL_CONVERSION = YES;
				CLANG_WARN_OBJC_IMPLICIT_RETAIN_SELF = YES;
				CLANG_WARN_OBJC_LITERAL_CONVERSION = YES;
				CLANG_WARN_OBJC_ROOT_CLASS = YES_ERROR;
				CLANG_WARN_QUOTED_INCLUDE_IN_FRAMEWORK_HEADER = YES;
				CLANG_WARN_RANGE_LOOP_ANALYSIS = YES;
				CLANG_WARN_STRICT_PROTOTYPES = YES;
				CLANG_WARN_SUSPICIOUS_MOVE = YES;
				CLANG_WARN_UNGUARDED_AVAILABILITY = YES_AGGRESSIVE;
				CLANG_WARN_UNREACHABLE_CODE = YES;
				CLANG_WARN__DUPLICATE_METHOD_MATCH = YES;
				COPY_PHASE_STRIP = NO;
				DEBUG_INFORMATION_FORMAT = dwarf;
				ENABLE_TESTABILITY = YES;
				ENABLE_USER_SCRIPT_SANDBOXING = YES;
				GCC_C_LANGUAGE_STANDARD = gnu17;
				GCC_DYNAMIC_NO_PIC = NO;
				GCC_NO_COMMON_BLOCKS = YES;
				GCC_OPTIMIZATION_LEVEL = 0;
				GCC_PREPROCESSOR_DEFINITIONS = (
					"DEBUG=1",
					"$(inherited)",
				);
				GCC_WARN_64_TO_32_BIT_CONVERSION = YES;
				GCC_WARN_ABOUT_RETURN_TYPE = YES_ERROR;
				GCC_WARN_UNDECLARED_SELECTOR = YES;
				GCC_WARN_UNINITIALIZED_AUTOS = YES_AGGRESSIVE;
				GCC_WARN_UNUSED_FUNCTION = YES;
				GCC_WARN_UNUSED_VARIABLE = YES;
				LOCALIZATION_PREFERS_STRING_CATALOGS = YES;
				MTL_ENABLE_DEBUG_INFO = INCLUDE_SOURCE;
				MTL_FAST_MATH = YES;
				ONLY_ACTIVE_ARCH = YES;
				SWIFT_ACTIVE_COMPILATION_CONDITIONS = "DEBUG $(inherited)";
				SWIFT_OPTIMIZATION_LEVEL = "-Onone";
			};
			name = Debug;
		};
		AC0000000000000000000002 /* Release */ = {
			isa = XCBuildConfiguration;
			buildSettings = {
				ALWAYS_SEARCH_USER_PATHS = NO;
				CLANG_ANALYZER_NONNULL = YES;
				CLANG_ANALYZER_NUMBER_OBJECT_CONVERSION = YES_AGGRESSIVE;
				CLANG_CXX_LANGUAGE_STANDARD = "gnu++20";
				CLANG_ENABLE_MODULES = YES;
				CLANG_ENABLE_OBJC_ARC = YES;
				CLANG_ENABLE_OBJC_WEAK = YES;
				CLANG_WARN_BLOCK_CAPTURE_AUTORELEASING = YES;
				CLANG_WARN_BOOL_CONVERSION = YES;
				CLANG_WARN_COMMA = YES;
				CLANG_WARN_CONSTANT_CONVERSION = YES;
				CLANG_WARN_DEPRECATED_OBJC_IMPLEMENTATIONS = YES;
				CLANG_WARN_DIRECT_OBJC_ISA_USAGE = YES_ERROR;
				CLANG_WARN_DOCUMENTATION_COMMENTS = YES;
				CLANG_WARN_EMPTY_BODY = YES;
				CLANG_WARN_ENUM_CONVERSION = YES;
				CLANG_WARN_INFINITE_RECURSION = YES;
				CLANG_WARN_INT_CONVERSION = YES;
				CLANG_WARN_NON_LITERAL_NULL_CONVERSION = YES;
				CLANG_WARN_OBJC_IMPLICIT_RETAIN_SELF = YES;
				CLANG_WARN_OBJC_LITERAL_CONVERSION = YES;
				CLANG_WARN_OBJC_ROOT_CLASS = YES_ERROR;
				CLANG_WARN_QUOTED_INCLUDE_IN_FRAMEWORK_HEADER = YES;
				CLANG_WARN_RANGE_LOOP_ANALYSIS = YES;
				CLANG_WARN_STRICT_PROTOTYPES = YES;
				CLANG_WARN_SUSPICIOUS_MOVE = YES;
				CLANG_WARN_UNGUARDED_AVAILABILITY = YES_AGGRESSIVE;
				CLANG_WARN_UNREACHABLE_CODE = YES;
				CLANG_WARN__DUPLICATE_METHOD_MATCH = YES;
				COPY_PHASE_STRIP = NO;
				DEBUG_INFORMATION_FORMAT = "dwarf-with-dsym";
				ENABLE_NS_ASSERTIONS = NO;
				ENABLE_USER_SCRIPT_SANDBOXING = YES;
				GCC_C_LANGUAGE_STANDARD = gnu17;
				GCC_NO_COMMON_BLOCKS = YES;
				GCC_WARN_64_TO_32_BIT_CONVERSION = YES;
				GCC_WARN_ABOUT_RETURN_TYPE = YES_ERROR;
				GCC_WARN_UNDECLARED_SELECTOR = YES;
				GCC_WARN_UNINITIALIZED_AUTOS = YES_AGGRESSIVE;
				GCC_WARN_UNUSED_FUNCTION = YES;
				GCC_WARN_UNUSED_VARIABLE = YES;
				LOCALIZATION_PREFERS_STRING_CATALOGS = YES;
				MTL_ENABLE_DEBUG_INFO = NO;
				MTL_FAST_MATH = YES;
				SWIFT_COMPILATION_MODE = wholemodule;
			};
			name = Release;
		};
		AC0000000000000000000003 /* Debug */ = {
			isa = XCBuildConfiguration;
			buildSettings = {
				ASSETCATALOG_COMPILER_APPICON_NAME = AppIcon;
				CODE_SIGN_ENTITLEMENTS = Tinitch/Tinitch.entitlements;
				CODE_SIGN_STYLE = Automatic;
				COMBINE_HIDPI_IMAGES = YES;
				CURRENT_PROJECT_VERSION = 1;
				ENABLE_APP_SANDBOX = YES;
				ENABLE_HARDENED_RUNTIME = YES;
				ENABLE_PREVIEWS = YES;
				GENERATE_INFOPLIST_FILE = YES;
				INFOPLIST_KEY_CFBundleDisplayName = Tinitch;
				INFOPLIST_KEY_LSApplicationCategoryType = "public.app-category.graphics-design";
				LD_RUNPATH_SEARCH_PATHS = (
					"$(inherited)",
					"@executable_path/../Frameworks",
				);
				MACOSX_DEPLOYMENT_TARGET = 14.0;
				MARKETING_VERSION = 0.1.0;
				PRODUCT_BUNDLE_IDENTIFIER = com.mahata.Tinitch;
				PRODUCT_NAME = "$(TARGET_NAME)";
				SWIFT_EMIT_LOC_STRINGS = YES;
				SWIFT_STRICT_CONCURRENCY = complete;
				SWIFT_VERSION = 6.0;
			};
			name = Debug;
		};
		AC0000000000000000000004 /* Release */ = {
			isa = XCBuildConfiguration;
			buildSettings = {
				ASSETCATALOG_COMPILER_APPICON_NAME = AppIcon;
				CODE_SIGN_ENTITLEMENTS = Tinitch/Tinitch.entitlements;
				CODE_SIGN_STYLE = Automatic;
				COMBINE_HIDPI_IMAGES = YES;
				CURRENT_PROJECT_VERSION = 1;
				ENABLE_APP_SANDBOX = YES;
				ENABLE_HARDENED_RUNTIME = YES;
				GENERATE_INFOPLIST_FILE = YES;
				INFOPLIST_KEY_CFBundleDisplayName = Tinitch;
				INFOPLIST_KEY_LSApplicationCategoryType = "public.app-category.graphics-design";
				LD_RUNPATH_SEARCH_PATHS = (
					"$(inherited)",
					"@executable_path/../Frameworks",
				);
				MACOSX_DEPLOYMENT_TARGET = 14.0;
				MARKETING_VERSION = 0.1.0;
				PRODUCT_BUNDLE_IDENTIFIER = com.mahata.Tinitch;
				PRODUCT_NAME = "$(TARGET_NAME)";
				SWIFT_EMIT_LOC_STRINGS = YES;
				SWIFT_STRICT_CONCURRENCY = complete;
				SWIFT_VERSION = 6.0;
			};
			name = Release;
		};
		AC0000000000000000000005 /* Debug */ = {
			isa = XCBuildConfiguration;
			buildSettings = {
				BUNDLE_LOADER = "$(TEST_HOST)";
				CODE_SIGN_STYLE = Automatic;
				GENERATE_INFOPLIST_FILE = YES;
				MACOSX_DEPLOYMENT_TARGET = 14.0;
				PRODUCT_BUNDLE_IDENTIFIER = com.mahata.TinitchTests;
				PRODUCT_NAME = "$(TARGET_NAME)";
				SWIFT_STRICT_CONCURRENCY = complete;
				SWIFT_VERSION = 6.0;
				TEST_HOST = "$(BUILT_PRODUCTS_DIR)/Tinitch.app/Contents/MacOS/Tinitch";
			};
			name = Debug;
		};
		AC0000000000000000000006 /* Release */ = {
			isa = XCBuildConfiguration;
			buildSettings = {
				BUNDLE_LOADER = "$(TEST_HOST)";
				CODE_SIGN_STYLE = Automatic;
				GENERATE_INFOPLIST_FILE = YES;
				MACOSX_DEPLOYMENT_TARGET = 14.0;
				PRODUCT_BUNDLE_IDENTIFIER = com.mahata.TinitchTests;
				PRODUCT_NAME = "$(TARGET_NAME)";
				SWIFT_STRICT_CONCURRENCY = complete;
				SWIFT_VERSION = 6.0;
				TEST_HOST = "$(BUILT_PRODUCTS_DIR)/Tinitch.app/Contents/MacOS/Tinitch";
			};
			name = Release;
		};
/* End XCBuildConfiguration section */

/* Begin XCConfigurationList section */
		A80000000000000000000001 /* Build configuration list for PBXNativeTarget "Tinitch" */ = {
			isa = XCConfigurationList;
			buildConfigurations = (
				AC0000000000000000000003 /* Debug */,
				AC0000000000000000000004 /* Release */,
			);
			defaultConfigurationIsVisible = 0;
			defaultConfigurationName = Release;
		};
		A80000000000000000000002 /* Build configuration list for PBXNativeTarget "TinitchTests" */ = {
			isa = XCConfigurationList;
			buildConfigurations = (
				AC0000000000000000000005 /* Debug */,
				AC0000000000000000000006 /* Release */,
			);
			defaultConfigurationIsVisible = 0;
			defaultConfigurationName = Release;
		};
		A80000000000000000000003 /* Build configuration list for PBXProject "Tinitch" */ = {
			isa = XCConfigurationList;
			buildConfigurations = (
				AC0000000000000000000001 /* Debug */,
				AC0000000000000000000002 /* Release */,
			);
			defaultConfigurationIsVisible = 0;
			defaultConfigurationName = Release;
		};
/* End XCConfigurationList section */
	};
	rootObject = A40000000000000000000001 /* Project object */;
}
